
Microsoft Visual Studio Solution File, Format Version 12.00
# Visual Studio Version 16
VisualStudioVersion = 16.0.31624.102
MinimumVisualStudioVersion = 10.0.40219.1
Project("{FAE04EC0-301F-11D3-BF4B-00C04F79EFBC}") = "Client", "Client\Client.csproj", "{723FACD5-5FDA-40B3-97F5-2335CFF144FE}"
EndProject
Global
	GlobalSection(SolutionConfigurationPlatforms) = preSolution
		Debug|Any CPU = Debug|Any CPU
		Release|Any CPU = Release|Any CPU
	EndGlobalSection
	GlobalSection(ProjectConfigurationPlatforms) = postSolution
		{723FACD5-5FDA-40B3-97F5-2335CFF144FE}.Debug|Any CPU.ActiveCfg = Debug|Any CPU
		{723FACD5-5FDA-40B3-97F5-2335CFF144FE}.Debug|Any CPU.Build.0 = Debug|Any CPU
		{723FACD5-5FDA-40B3-97F5-2335CFF144FE}.Release|Any CPU.ActiveCfg = Release|Any CPU
		{723FACD5-5FDA-40B3-97F5-2335CFF144FE}.Release|Any CPU.Build.0 = Release|Any CPU
	EndGlobalSection
	GlobalSection(SolutionProperties) = preSolution
		HideSolutionNode = FALSE
	EndGlobalSection
	GlobalSection(ExtensibilityGlobals) = postSolution
		SolutionGuid = {660C3C2E-152E-48B4-8641-F64BAA1FA572}
	EndGlobalSection
EndGlobal
